
Microsoft Visual Studio Solution File, Format Version 12.00
# Visual Studio 15
VisualStudioVersion = 15.0.27703.2042
MinimumVisualStudioVersion = 10.0.40219.1
Project("{151D2E53-A2C4-4D7D-83FE-D05416EBD58E}") = "vh-ase-environment", "vh-ase-environment\vh-ase-environment.deployproj", "{ED706A7C-39BC-457E-A49B-3537DD7F2DDA}"
EndProject
Global
	GlobalSection(SolutionConfigurationPlatforms) = preSolution
		Debug|Any CPU = Debug|Any CPU
		Release|Any CPU = Release|Any CPU
	EndGlobalSection
	GlobalSection(ProjectConfigurationPlatforms) = postSolution
		{ED706A7C-39BC-457E-A49B-3537DD7F2DDA}.Debug|Any CPU.ActiveCfg = Debug|Any CPU
		{ED706A7C-39BC-457E-A49B-3537DD7F2DDA}.Debug|Any CPU.Build.0 = Debug|Any CPU
		{ED706A7C-39BC-457E-A49B-3537DD7F2DDA}.Release|Any CPU.ActiveCfg = Release|Any CPU
		{ED706A7C-39BC-457E-A49B-3537DD7F2DDA}.Release|Any CPU.Build.0 = Release|Any CPU
	EndGlobalSection
	GlobalSection(SolutionProperties) = preSolution
		HideSolutionNode = FALSE
	EndGlobalSection
	GlobalSection(ExtensibilityGlobals) = postSolution
		SolutionGuid = {67D2C0D0-E877-41DF-99E3-E74EB977B1C9}
	EndGlobalSection
EndGlobal
